
Microsoft Visual Studio Solution File, Format Version 12.00
# Visual Studio 2013
VisualStudioVersion = 12.0.40629.0
MinimumVisualStudioVersion = 10.0.40219.1
Project("{FAE04EC0-301F-11D3-BF4B-00C04F79EFBC}") = "Li.Framework", "Li.Framework\Li.Framework.csproj", "{AB100D59-7F73-4BD5-AB68-531BA9B2B09E}"
EndProject
Project("{FAE04EC0-301F-11D3-BF4B-00C04F79EFBC}") = "UnitTestProject1", "UnitTestProject1\UnitTestProject1.csproj", "{71E0E170-3541-4D28-AC89-3EAF96C05708}"
EndProject
Project("{2150E333-8FDC-42A3-9474-1A3956D46DE8}") = "Host", "Host", "{30B3029F-7DB7-4AAB-9109-53CF27DC2966}"
EndProject
Global
	GlobalSection(SolutionConfigurationPlatforms) = preSolution
		Debug|Any CPU = Debug|Any CPU
		Release|Any CPU = Release|Any CPU
	EndGlobalSection
	GlobalSection(ProjectConfigurationPlatforms) = postSolution
		{AB100D59-7F73-4BD5-AB68-531BA9B2B09E}.Debug|Any CPU.ActiveCfg = Debug|Any CPU
		{AB100D59-7F73-4BD5-AB68-531BA9B2B09E}.Debug|Any CPU.Build.0 = Debug|Any CPU
		{AB100D59-7F73-4BD5-AB68-531BA9B2B09E}.Release|Any CPU.ActiveCfg = Release|Any CPU
		{AB100D59-7F73-4BD5-AB68-531BA9B2B09E}.Release|Any CPU.Build.0 = Release|Any CPU
		{71E0E170-3541-4D28-AC89-3EAF96C05708}.Debug|Any CPU.ActiveCfg = Debug|Any CPU
		{71E0E170-3541-4D28-AC89-3EAF96C05708}.Debug|Any CPU.Build.0 = Debug|Any CPU
		{71E0E170-3541-4D28-AC89-3EAF96C05708}.Release|Any CPU.ActiveCfg = Release|Any CPU
		{71E0E170-3541-4D28-AC89-3EAF96C05708}.Release|Any CPU.Build.0 = Release|Any CPU
	EndGlobalSection
	GlobalSection(SolutionProperties) = preSolution
		HideSolutionNode = FALSE
	EndGlobalSection
EndGlobal
